
Microsoft Visual Studio Solution File, Format Version 12.00
# Visual Studio 15
VisualStudioVersion = 15.0.27703.2042
MinimumVisualStudioVersion = 10.0.40219.1
Project("{8BC9CEB8-8B4A-11D0-8D11-00A0C91BC942}") = "YahtzeeCLI", "YahtzeeCLI\YahtzeeCLI.vcxproj", "{CE920C9E-A6B1-4A03-9F87-B3051D0F6A86}"
EndProject
Global
	GlobalSection(SolutionConfigurationPlatforms) = preSolution
		Debug|x64 = Debug|x64
		Debug|x86 = Debug|x86
		Release|x64 = Release|x64
		Release|x86 = Release|x86
	EndGlobalSection
	GlobalSection(ProjectConfigurationPlatforms) = postSolution
		{CE920C9E-A6B1-4A03-9F87-B3051D0F6A86}.Debug|x64.ActiveCfg = Debug|x64
		{CE920C9E-A6B1-4A03-9F87-B3051D0F6A86}.Debug|x64.Build.0 = Debug|x64
		{CE920C9E-A6B1-4A03-9F87-B3051D0F6A86}.Debug|x86.ActiveCfg = Debug|Win32
		{CE920C9E-A6B1-4A03-9F87-B3051D0F6A86}.Debug|x86.Build.0 = Debug|Win32
		{CE920C9E-A6B1-4A03-9F87-B3051D0F6A86}.Release|x64.ActiveCfg = Release|x64
		{CE920C9E-A6B1-4A03-9F87-B3051D0F6A86}.Release|x64.Build.0 = Release|x64
		{CE920C9E-A6B1-4A03-9F87-B3051D0F6A86}.Release|x86.ActiveCfg = Release|Win32
		{CE920C9E-A6B1-4A03-9F87-B3051D0F6A86}.Release|x86.Build.0 = Release|Win32
	EndGlobalSection
	GlobalSection(SolutionProperties) = preSolution
		HideSolutionNode = FALSE
	EndGlobalSection
	GlobalSection(ExtensibilityGlobals) = postSolution
		SolutionGuid = {A60CF537-E301-4A5C-85D8-E55B47C3D486}
	EndGlobalSection
EndGlobal
